# This file was autogenerated by Stack.
# You should not edit this file by hand.
# For more information, please see the documentation at:
#   https://docs.haskellstack.org/en/stable/lock_files

packages:
- completed:
    hackage: HDBC-sqlite3-2.3.3.1@sha256:5025fd94d02b9b3f0b8b8233796dd9a85a0b3dda6503c6e671e3eddbc51cb4d4,2424
    pantry-tree:
      size: 1427
      sha256: 76e71f73502350ed3fe5fc64604a21a3c8027d49fe6846183d53dbdaf583437a
  original:
    hackage: HDBC-sqlite3-2.3.3.1
- completed:
    hackage: ghc-exactprint-0.6.3.2@sha256:7399e64eef44ac4a946d1796be0cfe8b73279d2eeb66e2fcf6abbf3f6507888f,9411
    pantry-tree:
      size: 86248
      sha256: 5351f2a655e9610d1159f2c4deff5197320a6e70ca5165f14fb40dc045da96b3
  original:
    hackage: ghc-exactprint-0.6.3.2@sha256:7399e64eef44ac4a946d1796be0cfe8b73279d2eeb66e2fcf6abbf3f6507888f,9411
snapshots:
- completed:
    size: 532383
    url: https://raw.githubusercontent.com/commercialhaskell/stackage-snapshots/master/lts/16/10.yaml
    sha256: 469d781ab6d2a4eceed6b31b6e4ec842dcd3cd1d11577972e86902603dce24df
  original: lts-16.10
